
Microsoft Visual Studio Solution File, Format Version 12.00
# Visual Studio 15
VisualStudioVersion = 15.0.27130.2027
MinimumVisualStudioVersion = 10.0.40219.1
Project("{FAE04EC0-301F-11D3-BF4B-00C04F79EFBC}") = "WebUI.Automation.Tests", "WebUI.Automation.Tests\WebUI.Automation.Tests.csproj", "{5A6F9D21-0704-4E47-86EE-A180D4857945}"
EndProject
Project("{FAE04EC0-301F-11D3-BF4B-00C04F79EFBC}") = "Automation.Configuration", "Automation.Configuration\Automation.Configuration.csproj", "{35BE56E2-33C6-4719-98ED-C46B08257106}"
EndProject
Project("{FAE04EC0-301F-11D3-BF4B-00C04F79EFBC}") = "WebUI.Automation.Pages", "WebUI.Automation.Pages\WebUI.Automation.Pages.csproj", "{EEDCF4C9-F40E-43A0-918F-A7555B4358F0}"
EndProject
Project("{FAE04EC0-301F-11D3-BF4B-00C04F79EFBC}") = "WebUI.Automation.WebDriver", "WebUI.Automation.WebDriver\WebUI.Automation.WebDriver.csproj", "{3EDA95FE-0D0E-40A5-BFC0-979C6C281520}"
EndProject
Project("{FAE04EC0-301F-11D3-BF4B-00C04F79EFBC}") = "Automation.Repositories", "Automation.Repositories\Automation.Repositories.csproj", "{252C3A2E-3B3C-44C0-B40C-3207C3751C94}"
EndProject
Global
	GlobalSection(SolutionConfigurationPlatforms) = preSolution
		Debug|Any CPU = Debug|Any CPU
		Release|Any CPU = Release|Any CPU
	EndGlobalSection
	GlobalSection(ProjectConfigurationPlatforms) = postSolution
		{5A6F9D21-0704-4E47-86EE-A180D4857945}.Debug|Any CPU.ActiveCfg = Debug|Any CPU
		{5A6F9D21-0704-4E47-86EE-A180D4857945}.Debug|Any CPU.Build.0 = Debug|Any CPU
		{5A6F9D21-0704-4E47-86EE-A180D4857945}.Release|Any CPU.ActiveCfg = Release|Any CPU
		{5A6F9D21-0704-4E47-86EE-A180D4857945}.Release|Any CPU.Build.0 = Release|Any CPU
		{35BE56E2-33C6-4719-98ED-C46B08257106}.Debug|Any CPU.ActiveCfg = Debug|Any CPU
		{35BE56E2-33C6-4719-98ED-C46B08257106}.Debug|Any CPU.Build.0 = Debug|Any CPU
		{35BE56E2-33C6-4719-98ED-C46B08257106}.Release|Any CPU.ActiveCfg = Release|Any CPU
		{35BE56E2-33C6-4719-98ED-C46B08257106}.Release|Any CPU.Build.0 = Release|Any CPU
		{EEDCF4C9-F40E-43A0-918F-A7555B4358F0}.Debug|Any CPU.ActiveCfg = Debug|Any CPU
		{EEDCF4C9-F40E-43A0-918F-A7555B4358F0}.Debug|Any CPU.Build.0 = Debug|Any CPU
		{EEDCF4C9-F40E-43A0-918F-A7555B4358F0}.Release|Any CPU.ActiveCfg = Release|Any CPU
		{EEDCF4C9-F40E-43A0-918F-A7555B4358F0}.Release|Any CPU.Build.0 = Release|Any CPU
		{3EDA95FE-0D0E-40A5-BFC0-979C6C281520}.Debug|Any CPU.ActiveCfg = Debug|Any CPU
		{3EDA95FE-0D0E-40A5-BFC0-979C6C281520}.Debug|Any CPU.Build.0 = Debug|Any CPU
		{3EDA95FE-0D0E-40A5-BFC0-979C6C281520}.Release|Any CPU.ActiveCfg = Release|Any CPU
		{3EDA95FE-0D0E-40A5-BFC0-979C6C281520}.Release|Any CPU.Build.0 = Release|Any CPU
		{252C3A2E-3B3C-44C0-B40C-3207C3751C94}.Debug|Any CPU.ActiveCfg = Debug|Any CPU
		{252C3A2E-3B3C-44C0-B40C-3207C3751C94}.Debug|Any CPU.Build.0 = Debug|Any CPU
		{252C3A2E-3B3C-44C0-B40C-3207C3751C94}.Release|Any CPU.ActiveCfg = Release|Any CPU
		{252C3A2E-3B3C-44C0-B40C-3207C3751C94}.Release|Any CPU.Build.0 = Release|Any CPU
	EndGlobalSection
	GlobalSection(SolutionProperties) = preSolution
		HideSolutionNode = FALSE
	EndGlobalSection
	GlobalSection(ExtensibilityGlobals) = postSolution
		SolutionGuid = {2D7A308D-685E-46C7-AD5B-BDB948CDBD99}
	EndGlobalSection
EndGlobal
